VITE_CF_ACCOUNT_ID=***CF_ACCOUNT_ID_REMOVED***
VITE_CF_ACCOUNT_API=***CF_TOKEN_REMOVED***
CF_ACCOUNT_ID=***CF_ACCOUNT_ID_REMOVED***
CF_API_TOKEN=***CF_TOKEN_REMOVED***
VITE_NEON_URL=postgresql://neondb_owner:***NEON_PWD_REMOVED***@ep-old-hall-ai9n8868-pooler.c-4.us-east-1.aws.neon.tech/neondb?sslmode=require&channel_binding=require

# Sentry Error Monitoring
VITE_SENTRY_DSN=https://***SENTRY_KEY_REMOVED***@o4510943857541121.ingest.us.sentry.io/4510943880609792
VITE_SENTRY_DEV=1