VITE_CF_ACCOUNT_ID=ef771cfd6197dedb36bb3cea22ecf4fc
VITE_CF_ACCOUNT_API=8dTwYeTJF93WbhAyi2FzhUe8PV3rIEta5b8Pq5MQ
CF_ACCOUNT_ID=ef771cfd6197dedb36bb3cea22ecf4fc
CF_API_TOKEN=8dTwYeTJF93WbhAyi2FzhUe8PV3rIEta5b8Pq5MQ
VITE_NEON_URL=postgresql://neondb_owner:npg_BbFD20JiQpYE@ep-old-hall-ai9n8868-pooler.c-4.us-east-1.aws.neon.tech/neondb?sslmode=require&channel_binding=require

# Sentry Error Monitoring
VITE_SENTRY_DSN=https://42467b5b3bfb4c221f8073ad5fb5e4fa@o4510943857541121.ingest.us.sentry.io/4510943880609792
VITE_SENTRY_DEV=1